// !$*UTF8*$!
{
	archiveVersion = 1;
	classes = {
	};
	objectVersion = 56;
	objects = {

/* Begin PBXBuildFile section */
		9001A8292AF38CD1004C93ED /* WhyNotTryApp.swift in Sources */ = {isa = PBXBuildFile; fileRef = 9001A8282AF38CD1004C93ED /* WhyNotTryApp.swift */; };
		9001A82B2AF38CD1004C93ED /* ContentView.swift in Sources */ = {isa = PBXBuildFile; fileRef = 9001A82A2AF38CD1004C93ED /* ContentView.swift */; };
		9001A82D2AF38CD5004C93ED /* Assets.xcassets in Resources */ = {isa = PBXBuildFile; fileRef = 9001A82C2AF38CD5004C93ED /* Assets.xcassets */; };
		9001A8302AF38CD5004C93ED /* Preview Assets.xcassets in Resources */ = {isa = PBXBuildFile; fileRef = 9001A82F2AF38CD5004C93ED /* Preview Assets.xcassets */; };
		9001A83A2AF38CD5004C93ED /* WhyNotTryTests.swift in Sources */ = {isa = PBXBuildFile; fileRef = 9001A8392AF38CD5004C93ED /* WhyNotTryTests.swift */; };
		9001A8442AF38CD6004C93ED /* WhyNotTryUITests.swift in Sources */ = {isa = PBXBuildFile; fileRef = 9001A8432AF38CD6004C93ED /* WhyNotTryUITests.swift */; };
		9001A8462AF38CD6004C93ED /* WhyNotTryUITestsLaunchTests.swift in Sources */ = {isa = PBXBuildFile; fileRef = 9001A8452AF38CD6004C93ED /* WhyNotTryUITestsLaunchTests.swift */; };
/* End PBXBuildFile section */

/* Begin PBXContainerItemProxy section */
		9001A8362AF38CD5004C93ED /* PBXContainerItemProxy */ = {
			isa = PBXContainerItemProxy;
			containerPortal = 9001A81D2AF38CD1004C93ED /* Project object */;
			proxyType = 1;
			remoteGlobalIDString = 9001A8242AF38CD1004C93ED;
			remoteInfo = WhyNotTry;
		};
		9001A8402AF38CD5004C93ED /* PBXContainerItemProxy */ = {
			isa = PBXContainerItemProxy;
			containerPortal = 9001A81D2AF38CD1004C93ED /* Project object */;
			proxyType = 1;
			remoteGlobalIDString = 9001A8242AF38CD1004C93ED;
			remoteInfo = WhyNotTry;
		};
/* End PBXContainerItemProxy section */

/* Begin PBXFileReference section */
		9001A8252AF38CD1004C93ED /* WhyNotTry.app */ = {isa = PBXFileReference; explicitFileType = wrapper.application; includeInIndex = 0; path = WhyNotTry.app; sourceTree = BUILT_PRODUCTS_DIR; };
		9001A8282AF38CD1004C93ED /* WhyNotTryApp.swift */ = {isa = PBXFileReference; lastKnownFileType = sourcecode.swift; path = WhyNotTryApp.swift; sourceTree = "<group>"; };
		9001A82A2AF38CD1004C93ED /* ContentView.swift */ = {isa = PBXFileReference; lastKnownFileType = sourcecode.swift; path = ContentView.swift; sourceTree = "<group>"; };
		9001A82C2AF38CD5004C93ED /* Assets.xcassets */ = {isa = PBXFileReference; lastKnownFileType = folder.assetcatalog; path = Assets.xcassets; sourceTree = "<group>"; };
		9001A82F2AF38CD5004C93ED /* Preview Assets.xcassets */ = {isa = PBXFileReference; lastKnownFileType = folder.assetcatalog; path = "Preview Assets.xcassets"; sourceTree = "<group>"; };
		9001A8352AF38CD5004C93ED /* WhyNotTryTests.xctest */ = {isa = PBXFileReference; explicitFileType = wrapper.cfbundle; includeInIndex = 0; path = WhyNotTryTests.xctest; sourceTree = BUILT_PRODUCTS_DIR; };
		9001A8392AF38CD5004C93ED /* WhyNotTryTests.swift */ = {isa = PBXFileReference; lastKnownFileType = sourcecode.swift; path = WhyNotTryTests.swift; sourceTree = "<group>"; };
		9001A83F2AF38CD5004C93ED /* WhyNotTryUITests.xctest */ = {isa = PBXFileReference; explicitFileType = wrapper.cfbundle; includeInIndex = 0; path = WhyNotTryUITests.xctest; sourceTree = BUILT_PRODUCTS_DIR; };
		9001A8432AF38CD6004C93ED /* WhyNotTryUITests.swift */ = {isa = PBXFileReference; lastKnownFileType = sourcecode.swift; path = WhyNotTryUITests.swift; sourceTree = "<group>"; };
		9001A8452AF38CD6004C93ED /* WhyNotTryUITestsLaunchTests.swift */ = {isa = PBXFileReference; lastKnownFileType = sourcecode.swift; path = WhyNotTryUITestsLaunchTests.swift; sourceTree = "<group>"; };
/* End PBXFileReference section */

/* Begin PBXFrameworksBuildPhase section */
		9001A8222AF38CD1004C93ED /* Frameworks */ = {
			isa = PBXFrameworksBuildPhase;
			buildActionMask = 2147483647;
			files = (
			);
			runOnlyForDeploymentPostprocessing = 0;
		};
		9001A8322AF38CD5004C93ED /* Frameworks */ = {
			isa = PBXFrameworksBuildPhase;
			buildActionMask = 2147483647;
			files = (
			);
			runOnlyForDeploymentPostprocessing = 0;
		};
		9001A83C2AF38CD5004C93ED /* Frameworks */ = {
			isa = PBXFrameworksBuildPhase;
			buildActionMask = 2147483647;
			files = (
			);
			runOnlyForDeploymentPostprocessing = 0;
		};
/* End PBXFrameworksBuildPhase section */

/* Begin PBXGroup section */
		9001A81C2AF38CD1004C93ED = {
			isa = PBXGroup;
			children = (
				9001A8272AF38CD1004C93ED /* WhyNotTry */,
				9001A8382AF38CD5004C93ED /* WhyNotTryTests */,
				9001A8422AF38CD5004C93ED /* WhyNotTryUITests */,
				9001A8262AF38CD1004C93ED /* Products */,
			);
			sourceTree = "<group>";
		};
		9001A8262AF38CD1004C93ED /* Products */ = {
			isa = PBXGroup;
			children = (
				9001A8252AF38CD1004C93ED /* WhyNotTry.app */,
				9001A8352AF38CD5004C93ED /* WhyNotTryTests.xctest */,
				9001A83F2AF38CD5004C93ED /* WhyNotTryUITests.xctest */,
			);
			name = Products;
			sourceTree = "<group>";
		};
		9001A8272AF38CD1004C93ED /* WhyNotTry */ = {
			isa = PBXGroup;
			children = (
				9001A8282AF38CD1004C93ED /* WhyNotTryApp.swift */,
				9001A82A2AF38CD1004C93ED /* ContentView.swift */,
				9001A82C2AF38CD5004C93ED /* Assets.xcassets */,
				9001A82E2AF38CD5004C93ED /* Preview Content */,
			);
			path = WhyNotTry;
			sourceTree = "<group>";
		};
		9001A82E2AF38CD5004C93ED /* Preview Content */ = {
			isa = PBXGroup;
			children = (
				9001A82F2AF38CD5004C93ED /* Preview Assets.xcassets */,
			);
			path = "Preview Content";
			sourceTree = "<group>";
		};
		9001A8382AF38CD5004C93ED /* WhyNotTryTests */ = {
			isa = PBXGroup;
			children = (
				9001A8392AF38CD5004C93ED /* WhyNotTryTests.swift */,
			);
			path = WhyNotTryTests;
			sourceTree = "<group>";
		};
		9001A8422AF38CD5004C93ED /* WhyNotTryUITests */ = {
			isa = PBXGroup;
			children = (
				9001A8432AF38CD6004C93ED /* WhyNotTryUITests.swift */,
				9001A8452AF38CD6004C93ED /* WhyNotTryUITestsLaunchTests.swift */,
			);
			path = WhyNotTryUITests;
			sourceTree = "<group>";
		};
/* End PBXGroup section */

/* Begin PBXNativeTarget section */
		9001A8242AF38CD1004C93ED /* WhyNotTry */ = {
			isa = PBXNativeTarget;
			buildConfigurationList = 9001A8492AF38CD6004C93ED /* Build configuration list for PBXNativeTarget "WhyNotTry" */;
			buildPhases = (
				9001A8212AF38CD1004C93ED /* Sources */,
				9001A8222AF38CD1004C93ED /* Frameworks */,
				9001A8232AF38CD1004C93ED /* Resources */,
			);
			buildRules = (
			);
			dependencies = (
			);
			name = WhyNotTry;
			productName = WhyNotTry;
			productReference = 9001A8252AF38CD1004C93ED /* WhyNotTry.app */;
			productType = "com.apple.product-type.application";
		};
		9001A8342AF38CD5004C93ED /* WhyNotTryTests */ = {
			isa = PBXNativeTarget;
			buildConfigurationList = 9001A84C2AF38CD6004C93ED /* Build configuration list for PBXNativeTarget "WhyNotTryTests" */;
			buildPhases = (
				9001A8312AF38CD5004C93ED /* Sources */,
				9001A8322AF38CD5004C93ED /* Frameworks */,
				9001A8332AF38CD5004C93ED /* Resources */,
			);
			buildRules = (
			);
			dependencies = (
				9001A8372AF38CD5004C93ED /* PBXTargetDependency */,
			);
			name = WhyNotTryTests;
			productName = WhyNotTryTests;
			productReference = 9001A8352AF38CD5004C93ED /* WhyNotTryTests.xctest */;
			productType = "com.apple.product-type.bundle.unit-test";
		};
		9001A83E2AF38CD5004C93ED /* WhyNotTryUITests */ = {
			isa = PBXNativeTarget;
			buildConfigurationList = 9001A84F2AF38CD6004C93ED /* Build configuration list for PBXNativeTarget "WhyNotTryUITests" */;
			buildPhases = (
				9001A83B2AF38CD5004C93ED /* Sources */,
				9001A83C2AF38CD5004C93ED /* Frameworks */,
				9001A83D2AF38CD5004C93ED /* Resources */,
			);
			buildRules = (
			);
			dependencies = (
				9001A8412AF38CD5004C93ED /* PBXTargetDependency */,
			);
			name = WhyNotTryUITests;
			productName = WhyNotTryUITests;
			productReference = 9001A83F2AF38CD5004C93ED /* WhyNotTryUITests.xctest */;
			productType = "com.apple.product-type.bundle.ui-testing";
		};
/* End PBXNativeTarget section */

/* Begin PBXProject section */
		9001A81D2AF38CD1004C93ED /* Project object */ = {
			isa = PBXProject;
			attributes = {
				BuildIndependentTargetsInParallel = 1;
				LastSwiftUpdateCheck = 1500;
				LastUpgradeCheck = 1500;
				TargetAttributes = {
					9001A8242AF38CD1004C93ED = {
						CreatedOnToolsVersion = 15.0.1;
					};
					9001A8342AF38CD5004C93ED = {
						CreatedOnToolsVersion = 15.0.1;
						TestTargetID = 9001A8242AF38CD1004C93ED;
					};
					9001A83E2AF38CD5004C93ED = {
						CreatedOnToolsVersion = 15.0.1;
						TestTargetID = 9001A8242AF38CD1004C93ED;
					};
				};
			};
			buildConfigurationList = 9001A8202AF38CD1004C93ED /* Build configuration list for PBXProject "WhyNotTry" */;
			compatibilityVersion = "Xcode 14.0";
			developmentRegion = en;
			hasScannedForEncodings = 0;
			knownRegions = (
				en,
				Base,
			);
			mainGroup = 9001A81C2AF38CD1004C93ED;
			productRefGroup = 9001A8262AF38CD1004C93ED /* Products */;
			projectDirPath = "";
			projectRoot = "";
			targets = (
				9001A8242AF38CD1004C93ED /* WhyNotTry */,
				9001A8342AF38CD5004C93ED /* WhyNotTryTests */,
				9001A83E2AF38CD5004C93ED /* WhyNotTryUITests */,
			);
		};
/* End PBXProject section */

/* Begin PBXResourcesBuildPhase section */
		9001A8232AF38CD1004C93ED /* Resources */ = {
			isa = PBXResourcesBuildPhase;
			buildActionMask = 2147483647;
			files = (
				9001A8302AF38CD5004C93ED /* Preview Assets.xcassets in Resources */,
				9001A82D2AF38CD5004C93ED /* Assets.xcassets in Resources */,
			);
			runOnlyForDeploymentPostprocessing = 0;
		};
		9001A8332AF38CD5004C93ED /* Resources */ = {
			isa = PBXResourcesBuildPhase;
			buildActionMask = 2147483647;
			files = (
			);
			runOnlyForDeploymentPostprocessing = 0;
		};
		9001A83D2AF38CD5004C93ED /* Resources */ = {
			isa = PBXResourcesBuildPhase;
			buildActionMask = 2147483647;
			files = (
			);
			runOnlyForDeploymentPostprocessing = 0;
		};
/* End PBXResourcesBuildPhase section */

/* Begin PBXSourcesBuildPhase section */
		9001A8212AF38CD1004C93ED /* Sources */ = {
			isa = PBXSourcesBuildPhase;
			buildActionMask = 2147483647;
			files = (
				9001A82B2AF38CD1004C93ED /* ContentView.swift in Sources */,
				9001A8292AF38CD1004C93ED /* WhyNotTryApp.swift in Sources */,
			);
			runOnlyForDeploymentPostprocessing = 0;
		};
		9001A8312AF38CD5004C93ED /* Sources */ = {
			isa = PBXSourcesBuildPhase;
			buildActionMask = 2147483647;
			files = (
				9001A83A2AF38CD5004C93ED /* WhyNotTryTests.swift in Sources */,
			);
			runOnlyForDeploymentPostprocessing = 0;
		};
		9001A83B2AF38CD5004C93ED /* Sources */ = {
			isa = PBXSourcesBuildPhase;
			buildActionMask = 2147483647;
			files = (
				9001A8442AF38CD6004C93ED /* WhyNotTryUITests.swift in Sources */,
				9001A8462AF38CD6004C93ED /* WhyNotTryUITestsLaunchTests.swift in Sources */,
			);
			runOnlyForDeploymentPostprocessing = 0;
		};
/* End PBXSourcesBuildPhase section */

/* Begin PBXTargetDependency section */
		9001A8372AF38CD5004C93ED /* PBXTargetDependency */ = {
			isa = PBXTargetDependency;
			target = 9001A8242AF38CD1004C93ED /* WhyNotTry */;
			targetProxy = 9001A8362AF38CD5004C93ED /* PBXContainerItemProxy */;
		};
		9001A8412AF38CD5004C93ED /* PBXTargetDependency */ = {
			isa = PBXTargetDependency;
			target = 9001A8242AF38CD1004C93ED /* WhyNotTry */;
			targetProxy = 9001A8402AF38CD5004C93ED /* PBXContainerItemProxy */;
		};
/* End PBXTargetDependency section */

/* Begin XCBuildConfiguration section */
		9001A8472AF38CD6004C93ED /* Debug */ = {
			isa = XCBuildConfiguration;
			buildSettings = {
				ALWAYS_SEARCH_USER_PATHS = NO;
				ASSETCATALOG_COMPILER_GENERATE_SWIFT_ASSET_SYMBOL_EXTENSIONS = YES;
				CLANG_ANALYZER_NONNULL = YES;
				CLANG_ANALYZER_NUMBER_OBJECT_CONVERSION = YES_AGGRESSIVE;
				CLANG_CXX_LANGUAGE_STANDARD = "gnu++20";
				CLANG_ENABLE_MODULES = YES;
				CLANG_ENABLE_OBJC_ARC = YES;
				CLANG_ENABLE_OBJC_WEAK = YES;
				CLANG_WARN_BLOCK_CAPTURE_AUTORELEASING = YES;
				CLANG_WARN_BOOL_CONVERSION = YES;
				CLANG_WARN_COMMA = YES;
				CLANG_WARN_CONSTANT_CONVERSION = YES;
				CLANG_WARN_DEPRECATED_OBJC_IMPLEMENTATIONS = YES;
				CLANG_WARN_DIRECT_OBJC_ISA_USAGE = YES_ERROR;
				CLANG_WARN_DOCUMENTATION_COMMENTS = YES;
				CLANG_WARN_EMPTY_BODY = YES;
				CLANG_WARN_ENUM_CONVERSION = YES;
				CLANG_WARN_INFINITE_RECURSION = YES;
				CLANG_WARN_INT_CONVERSION = YES;
				CLANG_WARN_NON_LITERAL_NULL_CONVERSION = YES;
				CLANG_WARN_OBJC_IMPLICIT_RETAIN_SELF = YES;
				CLANG_WARN_OBJC_LITERAL_CONVERSION = YES;
				CLANG_WARN_OBJC_ROOT_CLASS = YES_ERROR;
				CLANG_WARN_QUOTED_INCLUDE_IN_FRAMEWORK_HEADER = YES;
				CLANG_WARN_RANGE_LOOP_ANALYSIS = YES;
				CLANG_WARN_STRICT_PROTOTYPES = YES;
				CLANG_WARN_SUSPICIOUS_MOVE = YES;
				CLANG_WARN_UNGUARDED_AVAILABILITY = YES_AGGRESSIVE;
				CLANG_WARN_UNREACHABLE_CODE = YES;
				CLANG_WARN__DUPLICATE_METHOD_MATCH = YES;
				COPY_PHASE_STRIP = NO;
				DEBUG_INFORMATION_FORMAT = dwarf;
				ENABLE_STRICT_OBJC_MSGSEND = YES;
				ENABLE_TESTABILITY = YES;
				ENABLE_USER_SCRIPT_SANDBOXING = YES;
				GCC_C_LANGUAGE_STANDARD = gnu17;
				GCC_DYNAMIC_NO_PIC = NO;
				GCC_NO_COMMON_BLOCKS = YES;
				GCC_OPTIMIZATION_LEVEL = 0;
				GCC_PREPROCESSOR_DEFINITIONS = (
					"DEBUG=1",
					"$(inherited)",
				);
				GCC_WARN_64_TO_32_BIT_CONVERSION = YES;
				GCC_WARN_ABOUT_RETURN_TYPE = YES_ERROR;
				GCC_WARN_UNDECLARED_SELECTOR = YES;
				GCC_WARN_UNINITIALIZED_AUTOS = YES_AGGRESSIVE;
				GCC_WARN_UNUSED_FUNCTION = YES;
				GCC_WARN_UNUSED_VARIABLE = YES;
				IPHONEOS_DEPLOYMENT_TARGET = 17.0;
				LOCALIZATION_PREFERS_STRING_CATALOGS = YES;
				MTL_ENABLE_DEBUG_INFO = INCLUDE_SOURCE;
				MTL_FAST_MATH = YES;
				ONLY_ACTIVE_ARCH = YES;
				SDKROOT = iphoneos;
				SWIFT_ACTIVE_COMPILATION_CONDITIONS = "DEBUG $(inherited)";
				SWIFT_OPTIMIZATION_LEVEL = "-Onone";
			};
			name = Debug;
		};
		9001A8482AF38CD6004C93ED /* Release */ = {
			isa = XCBuildConfiguration;
			buildSettings = {
				ALWAYS_SEARCH_USER_PATHS = NO;
				ASSETCATALOG_COMPILER_GENERATE_SWIFT_ASSET_SYMBOL_EXTENSIONS = YES;
				CLANG_ANALYZER_NONNULL = YES;
				CLANG_ANALYZER_NUMBER_OBJECT_CONVERSION = YES_AGGRESSIVE;
				CLANG_CXX_LANGUAGE_STANDARD = "gnu++20";
				CLANG_ENABLE_MODULES = YES;
				CLANG_ENABLE_OBJC_ARC = YES;
				CLANG_ENABLE_OBJC_WEAK = YES;
				CLANG_WARN_BLOCK_CAPTURE_AUTORELEASING = YES;
				CLANG_WARN_BOOL_CONVERSION = YES;
				CLANG_WARN_COMMA = YES;
				CLANG_WARN_CONSTANT_CONVERSION = YES;
				CLANG_WARN_DEPRECATED_OBJC_IMPLEMENTATIONS = YES;
				CLANG_WARN_DIRECT_OBJC_ISA_USAGE = YES_ERROR;
				CLANG_WARN_DOCUMENTATION_COMMENTS = YES;
				CLANG_WARN_EMPTY_BODY = YES;
				CLANG_WARN_ENUM_CONVERSION = YES;
				CLANG_WARN_INFINITE_RECURSION = YES;
				CLANG_WARN_INT_CONVERSION = YES;
				CLANG_WARN_NON_LITERAL_NULL_CONVERSION = YES;
				CLANG_WARN_OBJC_IMPLICIT_RETAIN_SELF = YES;
				CLANG_WARN_OBJC_LITERAL_CONVERSION = YES;
				CLANG_WARN_OBJC_ROOT_CLASS = YES_ERROR;
				CLANG_WARN_QUOTED_INCLUDE_IN_FRAMEWORK_HEADER = YES;
				CLANG_WARN_RANGE_LOOP_ANALYSIS = YES;
				CLANG_WARN_STRICT_PROTOTYPES = YES;
				CLANG_WARN_SUSPICIOUS_MOVE = YES;
				CLANG_WARN_UNGUARDED_AVAILABILITY = YES_AGGRESSIVE;
				CLANG_WARN_UNREACHABLE_CODE = YES;
				CLANG_WARN__DUPLICATE_METHOD_MATCH = YES;
				COPY_PHASE_STRIP = NO;
				DEBUG_INFORMATION_FORMAT = "dwarf-with-dsym";
				ENABLE_NS_ASSERTIONS = NO;
				ENABLE_STRICT_OBJC_MSGSEND = YES;
				ENABLE_USER_SCRIPT_SANDBOXING = YES;
				GCC_C_LANGUAGE_STANDARD = gnu17;
				GCC_NO_COMMON_BLOCKS = YES;
				GCC_WARN_64_TO_32_BIT_CONVERSION = YES;
				GCC_WARN_ABOUT_RETURN_TYPE = YES_ERROR;
				GCC_WARN_UNDECLARED_SELECTOR = YES;
				GCC_WARN_UNINITIALIZED_AUTOS = YES_AGGRESSIVE;
				GCC_WARN_UNUSED_FUNCTION = YES;
				GCC_WARN_UNUSED_VARIABLE = YES;
				IPHONEOS_DEPLOYMENT_TARGET = 17.0;
				LOCALIZATION_PREFERS_STRING_CATALOGS = YES;
				MTL_ENABLE_DEBUG_INFO = NO;
				MTL_FAST_MATH = YES;
				SDKROOT = iphoneos;
				SWIFT_COMPILATION_MODE = wholemodule;
				VALIDATE_PRODUCT = YES;
			};
			name = Release;
		};
		9001A84A2AF38CD6004C93ED /* Debug */ = {
			isa = XCBuildConfiguration;
			buildSettings = {
				ASSETCATALOG_COMPILER_APPICON_NAME = AppIcon;
				ASSETCATALOG_COMPILER_GLOBAL_ACCENT_COLOR_NAME = AccentColor;
				CODE_SIGN_STYLE = Automatic;
				CURRENT_PROJECT_VERSION = 1;
				DEVELOPMENT_ASSET_PATHS = "\"WhyNotTry/Preview Content\"";
				DEVELOPMENT_TEAM = 8PD7G8XX5Y;
				ENABLE_PREVIEWS = YES;
				GENERATE_INFOPLIST_FILE = YES;
				INFOPLIST_KEY_UIApplicationSceneManifest_Generation = YES;
				INFOPLIST_KEY_UIApplicationSupportsIndirectInputEvents = YES;
				INFOPLIST_KEY_UILaunchScreen_Generation = YES;
				INFOPLIST_KEY_UISupportedInterfaceOrientations_iPad = "UIInterfaceOrientationPortrait UIInterfaceOrientationPortraitUpsideDown UIInterfaceOrientationLandscapeLeft UIInterfaceOrientationLandscapeRight";
				INFOPLIST_KEY_UISupportedInterfaceOrientations_iPhone = "UIInterfaceOrientationPortrait UIInterfaceOrientationLandscapeLeft UIInterfaceOrientationLandscapeRight";
				LD_RUNPATH_SEARCH_PATHS = (
					"$(inherited)",
					"@executable_path/Frameworks",
				);
				MARKETING_VERSION = 1.0;
				PRODUCT_BUNDLE_IDENTIFIER = com.ashish.WhyNotTry;
				PRODUCT_NAME = "$(TARGET_NAME)";
				SWIFT_EMIT_LOC_STRINGS = YES;
				SWIFT_VERSION = 5.0;
				TARGETED_DEVICE_FAMILY = "1,2";
			};
			name = Debug;
		};
		9001A84B2AF38CD6004C93ED /* Release */ = {
			isa = XCBuildConfiguration;
			buildSettings = {
				ASSETCATALOG_COMPILER_APPICON_NAME = AppIcon;
				ASSETCATALOG_COMPILER_GLOBAL_ACCENT_COLOR_NAME = AccentColor;
				CODE_SIGN_STYLE = Automatic;
				CURRENT_PROJECT_VERSION = 1;
				DEVELOPMENT_ASSET_PATHS = "\"WhyNotTry/Preview Content\"";
				DEVELOPMENT_TEAM = 8PD7G8XX5Y;
				ENABLE_PREVIEWS = YES;
				GENERATE_INFOPLIST_FILE = YES;
				INFOPLIST_KEY_UIApplicationSceneManifest_Generation = YES;
				INFOPLIST_KEY_UIApplicationSupportsIndirectInputEvents = YES;
				INFOPLIST_KEY_UILaunchScreen_Generation = YES;
				INFOPLIST_KEY_UISupportedInterfaceOrientations_iPad = "UIInterfaceOrientationPortrait UIInterfaceOrientationPortraitUpsideDown UIInterfaceOrientationLandscapeLeft UIInterfaceOrientationLandscapeRight";
				INFOPLIST_KEY_UISupportedInterfaceOrientations_iPhone = "UIInterfaceOrientationPortrait UIInterfaceOrientationLandscapeLeft UIInterfaceOrientationLandscapeRight";
				LD_RUNPATH_SEARCH_PATHS = (
					"$(inherited)",
					"@executable_path/Frameworks",
				);
				MARKETING_VERSION = 1.0;
				PRODUCT_BUNDLE_IDENTIFIER = com.ashish.WhyNotTry;
				PRODUCT_NAME = "$(TARGET_NAME)";
				SWIFT_EMIT_LOC_STRINGS = YES;
				SWIFT_VERSION = 5.0;
				TARGETED_DEVICE_FAMILY = "1,2";
			};
			name = Release;
		};
		9001A84D2AF38CD6004C93ED /* Debug */ = {
			isa = XCBuildConfiguration;
			buildSettings = {
				ALWAYS_EMBED_SWIFT_STANDARD_LIBRARIES = YES;
				BUNDLE_LOADER = "$(TEST_HOST)";
				CODE_SIGN_STYLE = Automatic;
				CURRENT_PROJECT_VERSION = 1;
				DEVELOPMENT_TEAM = 8PD7G8XX5Y;
				GENERATE_INFOPLIST_FILE = YES;
				IPHONEOS_DEPLOYMENT_TARGET = 17.0;
				MARKETING_VERSION = 1.0;
				PRODUCT_BUNDLE_IDENTIFIER = com.ashish.WhyNotTryTests;
				PRODUCT_NAME = "$(TARGET_NAME)";
				SWIFT_EMIT_LOC_STRINGS = NO;
				SWIFT_VERSION = 5.0;
				TARGETED_DEVICE_FAMILY = "1,2";
				TEST_HOST = "$(BUILT_PRODUCTS_DIR)/WhyNotTry.app/$(BUNDLE_EXECUTABLE_FOLDER_PATH)/WhyNotTry";
			};
			name = Debug;
		};
		9001A84E2AF38CD6004C93ED /* Release */ = {
			isa = XCBuildConfiguration;
			buildSettings = {
				ALWAYS_EMBED_SWIFT_STANDARD_LIBRARIES = YES;
				BUNDLE_LOADER = "$(TEST_HOST)";
				CODE_SIGN_STYLE = Automatic;
				CURRENT_PROJECT_VERSION = 1;
				DEVELOPMENT_TEAM = 8PD7G8XX5Y;
				GENERATE_INFOPLIST_FILE = YES;
				IPHONEOS_DEPLOYMENT_TARGET = 17.0;
				MARKETING_VERSION = 1.0;
				PRODUCT_BUNDLE_IDENTIFIER = com.ashish.WhyNotTryTests;
				PRODUCT_NAME = "$(TARGET_NAME)";
				SWIFT_EMIT_LOC_STRINGS = NO;
				SWIFT_VERSION = 5.0;
				TARGETED_DEVICE_FAMILY = "1,2";
				TEST_HOST = "$(BUILT_PRODUCTS_DIR)/WhyNotTry.app/$(BUNDLE_EXECUTABLE_FOLDER_PATH)/WhyNotTry";
			};
			name = Release;
		};
		9001A8502AF38CD6004C93ED /* Debug */ = {
			isa = XCBuildConfiguration;
			buildSettings = {
				ALWAYS_EMBED_SWIFT_STANDARD_LIBRARIES = YES;
				CODE_SIGN_STYLE = Automatic;
				CURRENT_PROJECT_VERSION = 1;
				DEVELOPMENT_TEAM = 8PD7G8XX5Y;
				GENERATE_INFOPLIST_FILE = YES;
				MARKETING_VERSION = 1.0;
				PRODUCT_BUNDLE_IDENTIFIER = com.ashish.WhyNotTryUITests;
				PRODUCT_NAME = "$(TARGET_NAME)";
				SWIFT_EMIT_LOC_STRINGS = NO;
				SWIFT_VERSION = 5.0;
				TARGETED_DEVICE_FAMILY = "1,2";
				TEST_TARGET_NAME = WhyNotTry;
			};
			name = Debug;
		};
		9001A8512AF38CD6004C93ED /* Release */ = {
			isa = XCBuildConfiguration;
			buildSettings = {
				ALWAYS_EMBED_SWIFT_STANDARD_LIBRARIES = YES;
				CODE_SIGN_STYLE = Automatic;
				CURRENT_PROJECT_VERSION = 1;
				DEVELOPMENT_TEAM = 8PD7G8XX5Y;
				GENERATE_INFOPLIST_FILE = YES;
				MARKETING_VERSION = 1.0;
				PRODUCT_BUNDLE_IDENTIFIER = com.ashish.WhyNotTryUITests;
				PRODUCT_NAME = "$(TARGET_NAME)";
				SWIFT_EMIT_LOC_STRINGS = NO;
				SWIFT_VERSION = 5.0;
				TARGETED_DEVICE_FAMILY = "1,2";
				TEST_TARGET_NAME = WhyNotTry;
			};
			name = Release;
		};
/* End XCBuildConfiguration section */

/* Begin XCConfigurationList section */
		9001A8202AF38CD1004C93ED /* Build configuration list for PBXProject "WhyNotTry" */ = {
			isa = XCConfigurationList;
			buildConfigurations = (
				9001A8472AF38CD6004C93ED /* Debug */,
				9001A8482AF38CD6004C93ED /* Release */,
			);
			defaultConfigurationIsVisible = 0;
			defaultConfigurationName = Release;
		};
		9001A8492AF38CD6004C93ED /* Build configuration list for PBXNativeTarget "WhyNotTry" */ = {
			isa = XCConfigurationList;
			buildConfigurations = (
				9001A84A2AF38CD6004C93ED /* Debug */,
				9001A84B2AF38CD6004C93ED /* Release */,
			);
			defaultConfigurationIsVisible = 0;
			defaultConfigurationName = Release;
		};
		9001A84C2AF38CD6004C93ED /* Build configuration list for PBXNativeTarget "WhyNotTryTests" */ = {
			isa = XCConfigurationList;
			buildConfigurations = (
				9001A84D2AF38CD6004C93ED /* Debug */,
				9001A84E2AF38CD6004C93ED /* Release */,
			);
			defaultConfigurationIsVisible = 0;
			defaultConfigurationName = Release;
		};
		9001A84F2AF38CD6004C93ED /* Build configuration list for PBXNativeTarget "WhyNotTryUITests" */ = {
			isa = XCConfigurationList;
			buildConfigurations = (
				9001A8502AF38CD6004C93ED /* Debug */,
				9001A8512AF38CD6004C93ED /* Release */,
			);
			defaultConfigurationIsVisible = 0;
			defaultConfigurationName = Release;
		};
/* End XCConfigurationList section */
	};
	rootObject = 9001A81D2AF38CD1004C93ED /* Project object */;
}
